{
    "_meta": {
        "hash": {
            "sha256": "e55695f7cc3d7a3287b30effa49f2fc0fe0deb492ed053bd328a025577e9bb46"
        },
        "pipfile-spec": 6,
        "requires": {
            "python_version": "3.8"
        },
        "sources": [
            {
                "name": "pypi",
                "url": "https://pypi.org/simple",
                "verify_ssl": true
            }
        ]
    },
    "default": {
        "attrs": {
            "hashes": [
                "sha256:08a96c641c3a74e44eb59afb61a24f2cb9f4d7188748e76ba4bb5edfa3cb7d1c",
                "sha256:f7b7ce16570fe9965acd6d30101a28f62fb4a7f9e926b3bbc9b61f8b04247e72"
            ],
            "version": "==19.3.0"
        },
        "more-itertools": {
            "hashes": [
                "sha256:b84b238cce0d9adad5ed87e745778d20a3f8487d0f0cb8b8a586816c7496458d",
                "sha256:c833ef592a0324bcc6a60e48440da07645063c453880c9477ceb22490aec1564"
            ],
            "version": "==8.0.2"
        },
        "packaging": {
            "hashes": [
                "sha256:aec3fdbb8bc9e4bb65f0634b9f551ced63983a529d6a8931817d52fdd0816ddb",
                "sha256:fe1d8331dfa7cc0a883b49d75fc76380b2ab2734b220fbb87d774e4fd4b851f8"
            ],
            "version": "==20.0"
        },
        "pluggy": {
            "hashes": [
                "sha256:15b2acde666561e1298d71b523007ed7364de07029219b604cf808bfa1c765b0",
                "sha256:966c145cd83c96502c3c3868f50408687b38434af77734af1e9ca461a4081d2d"
            ],
            "version": "==0.13.1"
        },
        "py": {
            "hashes": [
                "sha256:5e27081401262157467ad6e7f851b7aa402c5852dbcb3dae06768434de5752aa",
                "sha256:c20fdd83a5dbc0af9efd622bee9a5564e278f6380fffcacc43ba6f43db2813b0"
            ],
            "version": "==1.8.1"
        },
        "pygame": {
            "hashes": [
                "sha256:026e835dc69ab50db3f62e01884dceeee25283c04f5dbe992f059e24c11e29b3",
                "sha256:07d9f21e2aee6679bcff760b93d336ca0981000a5bb6e665708ea9f08e9c06f6",
                "sha256:134be66f54e1d588d3198f308afed3d495e5e9c1b1c36ffe71efc0afd2057eaf",
                "sha256:33795983f9fdce22b6e934f62d813364dbbd8846de25500fb9328f2a0ea619f9",
                "sha256:33b50c90559b944b466f1cd0181a3019f80f50783fe58f43369b078c0c7172ef",
                "sha256:34b03b5c411b60e1dca096f0237a59521b5cab0d32b388c5b3a00c1d371a5266",
                "sha256:545da86be8ed0f9af19e636ecf1c6ed2d2851d64abed7f1a64e517abb2f3058b",
                "sha256:54b55f9f2fcf80aaf8c8ce2fd465e1b5cac948ccbd5a1d74561e63a9d9abd5f5",
                "sha256:587a5d52ba71ea16b299dce672d8d986364c9a4b0640fef49351839fa14a5950",
                "sha256:7183302b00706ed6a886fac9775fb7f44e7a96b60aab75c73473a763a19f62b8",
                "sha256:72238e9681713e68576483c8e8d7ea63c1b3bf7ee0d316f60239c5132a5b1115",
                "sha256:7a01dced9d7880b4107b0b7fe65fc427c8886f26f36e4ada6eec809259742767",
                "sha256:7d56c36ea9a71edb2aacdf5f628d31a9ffbf4bde025b1c9b77f707e8400dd910",
                "sha256:7f6f710e7fd07adafdda139d4d43f358da666db2544608eabf0a43b1fb5dc5a4",
                "sha256:8be68d1ddbb7a21ae2df8bf9621b7f6cc6bb6a15a49e76e105bd7fe9d88b84b3",
                "sha256:8cf102e4b7ff37e6303b310ec38585a153a31c1eed3b5ceeae0df6f01d35ae01",
                "sha256:94b3bae28d5811c400673918a0dd656f6deeb691b3530f25ee367180c822dfbe",
                "sha256:9d122c30c731226efab9d1454919bb6595275345754513017b5798378f748200",
                "sha256:a2062458a8b3646a13a93dbd557b46f57d6fc884486d4f14b1cb232c4014c03c",
                "sha256:a39205e3e0d30a35cdab72fd22808db561599cb95e7c73ca6a113b7273f15529",
                "sha256:a9389e8b5fe55b1a1b62ccbcf8df55907bbe0250536bf39c2686f6d40d6c3e5a",
                "sha256:b82470b9719dcccd1e26db132af055d5dd2fedd347ba272cc3788bf4723314de",
                "sha256:bd6aca8554745760b3aade96586272fd724438b20aaa2c7335ffb8bab293e852",
                "sha256:c1c5043fdc10629debabadb21854d8ff9f5642103d61f02df71104a270c2d0cc",
                "sha256:db9332d5b6040c3c0c6eed54fcd75b6fd592a219734c7bfb1cc5ecced82f0683",
                "sha256:e649cda58ebc5480e83db0fa217751ea5e73b3bd556ff019319acdf9a381d67c",
                "sha256:feb72207824d0e77fc5c13ade0f5c9207ce0e4d0b14aa30e7e0e16f61ec36b25"
            ],
            "index": "pypi",
            "version": "==2.0.0.dev6"
        },
        "pyparsing": {
            "hashes": [
                "sha256:4c830582a84fb022400b85429791bc551f1f4871c33f23e44f353119e92f969f",
                "sha256:c342dccb5250c08d45fd6f8b4a559613ca603b57498511740e65cd11a2e7dcec"
            ],
            "version": "==2.4.6"
        },
        "pytest": {
            "hashes": [
                "sha256:6b571215b5a790f9b41f19f3531c53a45cf6bb8ef2988bc1ff9afb38270b25fa",
                "sha256:e41d489ff43948babd0fad7ad5e49b8735d5d55e26628a58673c39ff61d95de4"
            ],
            "index": "pypi",
            "version": "==5.3.2"
        },
        "six": {
            "hashes": [
                "sha256:1f1b7d42e254082a9db6279deae68afb421ceba6158efa6131de7b3003ee93fd",
                "sha256:30f610279e8b2578cab6db20741130331735c781b56053c59c4076da27f06b66"
            ],
            "version": "==1.13.0"
        },
        "wcwidth": {
            "hashes": [
                "sha256:8fd29383f539be45b20bd4df0dc29c20ba48654a41e661925e612311e9f3c603",
                "sha256:f28b3e8a6483e5d49e7f8949ac1a78314e740333ae305b4ba5defd3e74fb37a8"
            ],
            "version": "==0.1.8"
        }
    },
    "develop": {}
}
